
Microsoft Visual Studio Solution File, Format Version 12.00
# Visual Studio Version 16
VisualStudioVersion = 16.0.31005.135
MinimumVisualStudioVersion = 10.0.40219.1
Project("{9A19103F-16F7-4668-BE54-9A1E7A4F7556}") = "Lessons", "Lessons\Lessons.csproj", "{2996D09B-5AF6-44FE-942A-4F1377D06741}"
EndProject
Project("{9A19103F-16F7-4668-BE54-9A1E7A4F7556}") = "Array_Traning", "Array_Traning\Array_Traning.csproj", "{5FE0253A-C4F4-4002-8B5C-F7FD7DE2C997}"
EndProject
Project("{9A19103F-16F7-4668-BE54-9A1E7A4F7556}") = "Books_Task", "Books_Task\Books_Task.csproj", "{11B95707-6A67-45A3-A151-E1B1EC907B12}"
EndProject
Project("{9A19103F-16F7-4668-BE54-9A1E7A4F7556}") = "Movies", "Movies\Movies.csproj", "{C366E6D4-ECC6-43EE-B567-7357B1C446D5}"
EndProject
Project("{9A19103F-16F7-4668-BE54-9A1E7A4F7556}") = "Assistante", "Assistante\Assistante.csproj", "{E21236A6-6C77-41DF-999D-AC856F6FCB55}"
EndProject
Project("{9A19103F-16F7-4668-BE54-9A1E7A4F7556}") = "Matrix", "Matrix\Matrix.csproj", "{7853D2F9-2157-419D-81F8-97DDDC6CB162}"
EndProject
Project("{9A19103F-16F7-4668-BE54-9A1E7A4F7556}") = "Jugged", "Jugged\Jugged.csproj", "{4CE248F4-6A42-41C2-905E-0681563EB470}"
EndProject
Project("{9A19103F-16F7-4668-BE54-9A1E7A4F7556}") = "Params", "Params\Params.csproj", "{99871E48-C939-4AD2-B450-8619CDAAED8E}"
EndProject
Project("{9A19103F-16F7-4668-BE54-9A1E7A4F7556}") = "String", "String\String.csproj", "{8D3D7593-E8A8-473B-9F75-8DC3BB7DCA89}"
EndProject
Project("{9A19103F-16F7-4668-BE54-9A1E7A4F7556}") = "Corteg", "Corteg\Corteg.csproj", "{EE56EF02-DE5B-47E1-8599-5B5B22D07C50}"
EndProject
Project("{9A19103F-16F7-4668-BE54-9A1E7A4F7556}") = "Overload_Operators", "Overload_Operators\Overload_Operators.csproj", "{727E534C-AA7D-44BE-AA01-B7136720DAAB}"
EndProject
Project("{9A19103F-16F7-4668-BE54-9A1E7A4F7556}") = "Class_Object", "Class_Object\Class_Object.csproj", "{57F9D1E6-8103-4EF0-9824-4AF20A2E6C97}"
EndProject
Project("{9A19103F-16F7-4668-BE54-9A1E7A4F7556}") = "Null_", "Null_\Null_.csproj", "{44906B6C-F592-4C73-9340-96B051B967DF}"
EndProject
Project("{9A19103F-16F7-4668-BE54-9A1E7A4F7556}") = "Tuple_", "Tuple_\Tuple_.csproj", "{07E7572E-66B6-4476-99B2-9E849FD3C83C}"
EndProject
Project("{9A19103F-16F7-4668-BE54-9A1E7A4F7556}") = "Interfaces", "Interfaces\Interfaces.csproj", "{9EF774F5-9920-47DE-AF2C-5CCDE13F408D}"
EndProject
Project("{9A19103F-16F7-4668-BE54-9A1E7A4F7556}") = "Indexator", "Indexator\Indexator.csproj", "{44C80F33-AF58-4F70-BFDA-25B041F93349}"
EndProject
Project("{9A19103F-16F7-4668-BE54-9A1E7A4F7556}") = "Explicit_Implicit", "Explicit_Implicit\Explicit_Implicit.csproj", "{80AFFEE1-7AFA-4934-BB5D-CE93C867C3D1}"
EndProject
Project("{9A19103F-16F7-4668-BE54-9A1E7A4F7556}") = "Delegates", "Delegates\Delegates.csproj", "{E7D2D761-4258-4858-B1C1-D42B30BC9F79}"
EndProject
Project("{9A19103F-16F7-4668-BE54-9A1E7A4F7556}") = "Events", "Events\Events.csproj", "{666EB4ED-DE0C-4C0D-B2DA-2633D7FD9164}"
EndProject
Project("{9A19103F-16F7-4668-BE54-9A1E7A4F7556}") = "Func_Action_STD_Delegates", "Func_Action_STD_Delegates\Func_Action_STD_Delegates.csproj", "{CE2B16D9-DD26-40CC-BAE5-78DF8098A271}"
EndProject
Project("{9A19103F-16F7-4668-BE54-9A1E7A4F7556}") = "Event_Tranning", "Event_Tranning\Event_Tranning.csproj", "{77545FD2-56C2-409B-B139-CA099E7916B8}"
EndProject
Project("{9A19103F-16F7-4668-BE54-9A1E7A4F7556}") = "Generic_", "Generic_\Generic_.csproj", "{23CD3F00-DCD4-40C2-B642-2E2BD35CF9EC}"
EndProject
Project("{9A19103F-16F7-4668-BE54-9A1E7A4F7556}") = "IEnumerable", "IEnumerable\IEnumerable.csproj", "{0ACAFE5C-E876-47C1-8E48-F51B55ADF7C2}"
EndProject
Project("{9A19103F-16F7-4668-BE54-9A1E7A4F7556}") = "Garbage_Collector", "Garbage_Collector\Garbage_Collector.csproj", "{AA59DFB3-1DFB-4EDD-89F0-2F1DB073283B}"
EndProject
Project("{9A19103F-16F7-4668-BE54-9A1E7A4F7556}") = "Demo_IDisposable", "Demo_IDisposable\Demo_IDisposable.csproj", "{447E4D45-6E1D-4C7B-B170-8BFAAA6CFDCA}"
EndProject
Project("{9A19103F-16F7-4668-BE54-9A1E7A4F7556}") = "FileStream_Demo", "FileStream_Demo\FileStream_Demo.csproj", "{0E148056-5438-497E-A04A-DC710B458A94}"
EndProject
Project("{FAE04EC0-301F-11D3-BF4B-00C04F79EFBC}") = "Tranning_Finalizer", "Tranning_Finalizer\Tranning_Finalizer.csproj", "{59B354DD-A145-4E16-BC00-D941BBD26CB8}"
EndProject
Project("{9A19103F-16F7-4668-BE54-9A1E7A4F7556}") = "Test_Dispose", "Test_Dispose\Test_Dispose.csproj", "{09331052-ACE5-4EF2-80A8-A32D3C73A13D}"
EndProject
Project("{9A19103F-16F7-4668-BE54-9A1E7A4F7556}") = "Class_File", "Class_File\Class_File.csproj", "{CF1291F4-7B38-4144-83E5-60068AF32E99}"
EndProject
Project("{9A19103F-16F7-4668-BE54-9A1E7A4F7556}") = "IDispose_Task", "IDispose_Task\IDispose_Task.csproj", "{5F14C4E6-8B80-4F18-BE96-8C5501A25879}"
EndProject
Project("{9A19103F-16F7-4668-BE54-9A1E7A4F7556}") = "FileStream_Tranning", "FileStream_Tranning\FileStream_Tranning.csproj", "{5B9AF45F-8485-42FF-A699-F43A206A1FAA}"
EndProject
Project("{9A19103F-16F7-4668-BE54-9A1E7A4F7556}") = "Serealization_Tranning", "Serealization_Tranning\Serealization_Tranning.csproj", "{EAF6158E-1369-4004-877A-CED86722B9F0}"
EndProject
Project("{9A19103F-16F7-4668-BE54-9A1E7A4F7556}") = "FileStream_02", "FileStream_02\FileStream_02.csproj", "{804B299D-7B9F-4445-8C44-88A6C71EB3C6}"
EndProject
Project("{9A19103F-16F7-4668-BE54-9A1E7A4F7556}") = "Directory_", "Directory_\Directory_.csproj", "{FA86C1F1-2F55-4928-AE31-FB517FB8FE4A}"
EndProject
Project("{9A19103F-16F7-4668-BE54-9A1E7A4F7556}") = "Serealization_", "Serealization_\Serealization_.csproj", "{ADDCE003-D85D-4DBD-9D34-1AC50D9DC9CA}"
EndProject
Project("{9A19103F-16F7-4668-BE54-9A1E7A4F7556}") = "LinqToObject", "LinqToObject\LinqToObject.csproj", "{1CFBC312-8372-4099-9D6C-CC6B9CC80045}"
EndProject
Project("{FAE04EC0-301F-11D3-BF4B-00C04F79EFBC}") = "Delegates_And_Event_In_Work", "Delegates_And_Event_In_Work\Delegates_And_Event_In_Work.csproj", "{6E1CCC31-B88B-47FB-9BDF-C247F36D93A2}"
EndProject
Project("{FAE04EC0-301F-11D3-BF4B-00C04F79EFBC}") = "Cars", "Cars\Cars.csproj", "{BB8A52AA-5835-4BE5-ABCF-E05AB9510945}"
EndProject
Global
	GlobalSection(SolutionConfigurationPlatforms) = preSolution
		Debug|Any CPU = Debug|Any CPU
		Release|Any CPU = Release|Any CPU
	EndGlobalSection
	GlobalSection(ProjectConfigurationPlatforms) = postSolution
		{2996D09B-5AF6-44FE-942A-4F1377D06741}.Debug|Any CPU.ActiveCfg = Debug|Any CPU
		{2996D09B-5AF6-44FE-942A-4F1377D06741}.Debug|Any CPU.Build.0 = Debug|Any CPU
		{2996D09B-5AF6-44FE-942A-4F1377D06741}.Release|Any CPU.ActiveCfg = Release|Any CPU
		{2996D09B-5AF6-44FE-942A-4F1377D06741}.Release|Any CPU.Build.0 = Release|Any CPU
		{5FE0253A-C4F4-4002-8B5C-F7FD7DE2C997}.Debug|Any CPU.ActiveCfg = Debug|Any CPU
		{5FE0253A-C4F4-4002-8B5C-F7FD7DE2C997}.Debug|Any CPU.Build.0 = Debug|Any CPU
		{5FE0253A-C4F4-4002-8B5C-F7FD7DE2C997}.Release|Any CPU.ActiveCfg = Release|Any CPU
		{5FE0253A-C4F4-4002-8B5C-F7FD7DE2C997}.Release|Any CPU.Build.0 = Release|Any CPU
		{11B95707-6A67-45A3-A151-E1B1EC907B12}.Debug|Any CPU.ActiveCfg = Debug|Any CPU
		{11B95707-6A67-45A3-A151-E1B1EC907B12}.Debug|Any CPU.Build.0 = Debug|Any CPU
		{11B95707-6A67-45A3-A151-E1B1EC907B12}.Release|Any CPU.ActiveCfg = Release|Any CPU
		{11B95707-6A67-45A3-A151-E1B1EC907B12}.Release|Any CPU.Build.0 = Release|Any CPU
		{C366E6D4-ECC6-43EE-B567-7357B1C446D5}.Debug|Any CPU.ActiveCfg = Debug|Any CPU
		{C366E6D4-ECC6-43EE-B567-7357B1C446D5}.Debug|Any CPU.Build.0 = Debug|Any CPU
		{C366E6D4-ECC6-43EE-B567-7357B1C446D5}.Release|Any CPU.ActiveCfg = Release|Any CPU
		{C366E6D4-ECC6-43EE-B567-7357B1C446D5}.Release|Any CPU.Build.0 = Release|Any CPU
		{E21236A6-6C77-41DF-999D-AC856F6FCB55}.Debug|Any CPU.ActiveCfg = Debug|Any CPU
		{E21236A6-6C77-41DF-999D-AC856F6FCB55}.Debug|Any CPU.Build.0 = Debug|Any CPU
		{E21236A6-6C77-41DF-999D-AC856F6FCB55}.Release|Any CPU.ActiveCfg = Release|Any CPU
		{E21236A6-6C77-41DF-999D-AC856F6FCB55}.Release|Any CPU.Build.0 = Release|Any CPU
		{7853D2F9-2157-419D-81F8-97DDDC6CB162}.Debug|Any CPU.ActiveCfg = Debug|Any CPU
		{7853D2F9-2157-419D-81F8-97DDDC6CB162}.Debug|Any CPU.Build.0 = Debug|Any CPU
		{7853D2F9-2157-419D-81F8-97DDDC6CB162}.Release|Any CPU.ActiveCfg = Release|Any CPU
		{7853D2F9-2157-419D-81F8-97DDDC6CB162}.Release|Any CPU.Build.0 = Release|Any CPU
		{4CE248F4-6A42-41C2-905E-0681563EB470}.Debug|Any CPU.ActiveCfg = Debug|Any CPU
		{4CE248F4-6A42-41C2-905E-0681563EB470}.Debug|Any CPU.Build.0 = Debug|Any CPU
		{4CE248F4-6A42-41C2-905E-0681563EB470}.Release|Any CPU.ActiveCfg = Release|Any CPU
		{4CE248F4-6A42-41C2-905E-0681563EB470}.Release|Any CPU.Build.0 = Release|Any CPU
		{99871E48-C939-4AD2-B450-8619CDAAED8E}.Debug|Any CPU.ActiveCfg = Debug|Any CPU
		{99871E48-C939-4AD2-B450-8619CDAAED8E}.Debug|Any CPU.Build.0 = Debug|Any CPU
		{99871E48-C939-4AD2-B450-8619CDAAED8E}.Release|Any CPU.ActiveCfg = Release|Any CPU
		{99871E48-C939-4AD2-B450-8619CDAAED8E}.Release|Any CPU.Build.0 = Release|Any CPU
		{8D3D7593-E8A8-473B-9F75-8DC3BB7DCA89}.Debug|Any CPU.ActiveCfg = Debug|Any CPU
		{8D3D7593-E8A8-473B-9F75-8DC3BB7DCA89}.Debug|Any CPU.Build.0 = Debug|Any CPU
		{8D3D7593-E8A8-473B-9F75-8DC3BB7DCA89}.Release|Any CPU.ActiveCfg = Release|Any CPU
		{8D3D7593-E8A8-473B-9F75-8DC3BB7DCA89}.Release|Any CPU.Build.0 = Release|Any CPU
		{EE56EF02-DE5B-47E1-8599-5B5B22D07C50}.Debug|Any CPU.ActiveCfg = Debug|Any CPU
		{EE56EF02-DE5B-47E1-8599-5B5B22D07C50}.Debug|Any CPU.Build.0 = Debug|Any CPU
		{EE56EF02-DE5B-47E1-8599-5B5B22D07C50}.Release|Any CPU.ActiveCfg = Release|Any CPU
		{EE56EF02-DE5B-47E1-8599-5B5B22D07C50}.Release|Any CPU.Build.0 = Release|Any CPU
		{727E534C-AA7D-44BE-AA01-B7136720DAAB}.Debug|Any CPU.ActiveCfg = Debug|Any CPU
		{727E534C-AA7D-44BE-AA01-B7136720DAAB}.Debug|Any CPU.Build.0 = Debug|Any CPU
		{727E534C-AA7D-44BE-AA01-B7136720DAAB}.Release|Any CPU.ActiveCfg = Release|Any CPU
		{727E534C-AA7D-44BE-AA01-B7136720DAAB}.Release|Any CPU.Build.0 = Release|Any CPU
		{57F9D1E6-8103-4EF0-9824-4AF20A2E6C97}.Debug|Any CPU.ActiveCfg = Debug|Any CPU
		{57F9D1E6-8103-4EF0-9824-4AF20A2E6C97}.Debug|Any CPU.Build.0 = Debug|Any CPU
		{57F9D1E6-8103-4EF0-9824-4AF20A2E6C97}.Release|Any CPU.ActiveCfg = Release|Any CPU
		{57F9D1E6-8103-4EF0-9824-4AF20A2E6C97}.Release|Any CPU.Build.0 = Release|Any CPU
		{44906B6C-F592-4C73-9340-96B051B967DF}.Debug|Any CPU.ActiveCfg = Debug|Any CPU
		{44906B6C-F592-4C73-9340-96B051B967DF}.Debug|Any CPU.Build.0 = Debug|Any CPU
		{44906B6C-F592-4C73-9340-96B051B967DF}.Release|Any CPU.ActiveCfg = Release|Any CPU
		{44906B6C-F592-4C73-9340-96B051B967DF}.Release|Any CPU.Build.0 = Release|Any CPU
		{07E7572E-66B6-4476-99B2-9E849FD3C83C}.Debug|Any CPU.ActiveCfg = Debug|Any CPU
		{07E7572E-66B6-4476-99B2-9E849FD3C83C}.Debug|Any CPU.Build.0 = Debug|Any CPU
		{07E7572E-66B6-4476-99B2-9E849FD3C83C}.Release|Any CPU.ActiveCfg = Release|Any CPU
		{07E7572E-66B6-4476-99B2-9E849FD3C83C}.Release|Any CPU.Build.0 = Release|Any CPU
		{9EF774F5-9920-47DE-AF2C-5CCDE13F408D}.Debug|Any CPU.ActiveCfg = Debug|Any CPU
		{9EF774F5-9920-47DE-AF2C-5CCDE13F408D}.Debug|Any CPU.Build.0 = Debug|Any CPU
		{9EF774F5-9920-47DE-AF2C-5CCDE13F408D}.Release|Any CPU.ActiveCfg = Release|Any CPU
		{9EF774F5-9920-47DE-AF2C-5CCDE13F408D}.Release|Any CPU.Build.0 = Release|Any CPU
		{44C80F33-AF58-4F70-BFDA-25B041F93349}.Debug|Any CPU.ActiveCfg = Debug|Any CPU
		{44C80F33-AF58-4F70-BFDA-25B041F93349}.Debug|Any CPU.Build.0 = Debug|Any CPU
		{44C80F33-AF58-4F70-BFDA-25B041F93349}.Release|Any CPU.ActiveCfg = Release|Any CPU
		{44C80F33-AF58-4F70-BFDA-25B041F93349}.Release|Any CPU.Build.0 = Release|Any CPU
		{80AFFEE1-7AFA-4934-BB5D-CE93C867C3D1}.Debug|Any CPU.ActiveCfg = Debug|Any CPU
		{80AFFEE1-7AFA-4934-BB5D-CE93C867C3D1}.Debug|Any CPU.Build.0 = Debug|Any CPU
		{80AFFEE1-7AFA-4934-BB5D-CE93C867C3D1}.Release|Any CPU.ActiveCfg = Release|Any CPU
		{80AFFEE1-7AFA-4934-BB5D-CE93C867C3D1}.Release|Any CPU.Build.0 = Release|Any CPU
		{E7D2D761-4258-4858-B1C1-D42B30BC9F79}.Debug|Any CPU.ActiveCfg = Debug|Any CPU
		{E7D2D761-4258-4858-B1C1-D42B30BC9F79}.Debug|Any CPU.Build.0 = Debug|Any CPU
		{E7D2D761-4258-4858-B1C1-D42B30BC9F79}.Release|Any CPU.ActiveCfg = Release|Any CPU
		{E7D2D761-4258-4858-B1C1-D42B30BC9F79}.Release|Any CPU.Build.0 = Release|Any CPU
		{666EB4ED-DE0C-4C0D-B2DA-2633D7FD9164}.Debug|Any CPU.ActiveCfg = Debug|Any CPU
		{666EB4ED-DE0C-4C0D-B2DA-2633D7FD9164}.Debug|Any CPU.Build.0 = Debug|Any CPU
		{666EB4ED-DE0C-4C0D-B2DA-2633D7FD9164}.Release|Any CPU.ActiveCfg = Release|Any CPU
		{666EB4ED-DE0C-4C0D-B2DA-2633D7FD9164}.Release|Any CPU.Build.0 = Release|Any CPU
		{CE2B16D9-DD26-40CC-BAE5-78DF8098A271}.Debug|Any CPU.ActiveCfg = Debug|Any CPU
		{CE2B16D9-DD26-40CC-BAE5-78DF8098A271}.Debug|Any CPU.Build.0 = Debug|Any CPU
		{CE2B16D9-DD26-40CC-BAE5-78DF8098A271}.Release|Any CPU.ActiveCfg = Release|Any CPU
		{CE2B16D9-DD26-40CC-BAE5-78DF8098A271}.Release|Any CPU.Build.0 = Release|Any CPU
		{77545FD2-56C2-409B-B139-CA099E7916B8}.Debug|Any CPU.ActiveCfg = Debug|Any CPU
		{77545FD2-56C2-409B-B139-CA099E7916B8}.Debug|Any CPU.Build.0 = Debug|Any CPU
		{77545FD2-56C2-409B-B139-CA099E7916B8}.Release|Any CPU.ActiveCfg = Release|Any CPU
		{77545FD2-56C2-409B-B139-CA099E7916B8}.Release|Any CPU.Build.0 = Release|Any CPU
		{23CD3F00-DCD4-40C2-B642-2E2BD35CF9EC}.Debug|Any CPU.ActiveCfg = Debug|Any CPU
		{23CD3F00-DCD4-40C2-B642-2E2BD35CF9EC}.Debug|Any CPU.Build.0 = Debug|Any CPU
		{23CD3F00-DCD4-40C2-B642-2E2BD35CF9EC}.Release|Any CPU.ActiveCfg = Release|Any CPU
		{23CD3F00-DCD4-40C2-B642-2E2BD35CF9EC}.Release|Any CPU.Build.0 = Release|Any CPU
		{0ACAFE5C-E876-47C1-8E48-F51B55ADF7C2}.Debug|Any CPU.ActiveCfg = Debug|Any CPU
		{0ACAFE5C-E876-47C1-8E48-F51B55ADF7C2}.Debug|Any CPU.Build.0 = Debug|Any CPU
		{0ACAFE5C-E876-47C1-8E48-F51B55ADF7C2}.Release|Any CPU.ActiveCfg = Release|Any CPU
		{0ACAFE5C-E876-47C1-8E48-F51B55ADF7C2}.Release|Any CPU.Build.0 = Release|Any CPU
		{AA59DFB3-1DFB-4EDD-89F0-2F1DB073283B}.Debug|Any CPU.ActiveCfg = Debug|Any CPU
		{AA59DFB3-1DFB-4EDD-89F0-2F1DB073283B}.Debug|Any CPU.Build.0 = Debug|Any CPU
		{AA59DFB3-1DFB-4EDD-89F0-2F1DB073283B}.Release|Any CPU.ActiveCfg = Release|Any CPU
		{AA59DFB3-1DFB-4EDD-89F0-2F1DB073283B}.Release|Any CPU.Build.0 = Release|Any CPU
		{447E4D45-6E1D-4C7B-B170-8BFAAA6CFDCA}.Debug|Any CPU.ActiveCfg = Debug|Any CPU
		{447E4D45-6E1D-4C7B-B170-8BFAAA6CFDCA}.Debug|Any CPU.Build.0 = Debug|Any CPU
		{447E4D45-6E1D-4C7B-B170-8BFAAA6CFDCA}.Release|Any CPU.ActiveCfg = Release|Any CPU
		{447E4D45-6E1D-4C7B-B170-8BFAAA6CFDCA}.Release|Any CPU.Build.0 = Release|Any CPU
		{0E148056-5438-497E-A04A-DC710B458A94}.Debug|Any CPU.ActiveCfg = Debug|Any CPU
		{0E148056-5438-497E-A04A-DC710B458A94}.Debug|Any CPU.Build.0 = Debug|Any CPU
		{0E148056-5438-497E-A04A-DC710B458A94}.Release|Any CPU.ActiveCfg = Release|Any CPU
		{0E148056-5438-497E-A04A-DC710B458A94}.Release|Any CPU.Build.0 = Release|Any CPU
		{59B354DD-A145-4E16-BC00-D941BBD26CB8}.Debug|Any CPU.ActiveCfg = Debug|Any CPU
		{59B354DD-A145-4E16-BC00-D941BBD26CB8}.Debug|Any CPU.Build.0 = Debug|Any CPU
		{59B354DD-A145-4E16-BC00-D941BBD26CB8}.Release|Any CPU.ActiveCfg = Release|Any CPU
		{59B354DD-A145-4E16-BC00-D941BBD26CB8}.Release|Any CPU.Build.0 = Release|Any CPU
		{09331052-ACE5-4EF2-80A8-A32D3C73A13D}.Debug|Any CPU.ActiveCfg = Debug|Any CPU
		{09331052-ACE5-4EF2-80A8-A32D3C73A13D}.Debug|Any CPU.Build.0 = Debug|Any CPU
		{09331052-ACE5-4EF2-80A8-A32D3C73A13D}.Release|Any CPU.ActiveCfg = Release|Any CPU
		{09331052-ACE5-4EF2-80A8-A32D3C73A13D}.Release|Any CPU.Build.0 = Release|Any CPU
		{CF1291F4-7B38-4144-83E5-60068AF32E99}.Debug|Any CPU.ActiveCfg = Debug|Any CPU
		{CF1291F4-7B38-4144-83E5-60068AF32E99}.Debug|Any CPU.Build.0 = Debug|Any CPU
		{CF1291F4-7B38-4144-83E5-60068AF32E99}.Release|Any CPU.ActiveCfg = Release|Any CPU
		{CF1291F4-7B38-4144-83E5-60068AF32E99}.Release|Any CPU.Build.0 = Release|Any CPU
		{5F14C4E6-8B80-4F18-BE96-8C5501A25879}.Debug|Any CPU.ActiveCfg = Debug|Any CPU
		{5F14C4E6-8B80-4F18-BE96-8C5501A25879}.Debug|Any CPU.Build.0 = Debug|Any CPU
		{5F14C4E6-8B80-4F18-BE96-8C5501A25879}.Release|Any CPU.ActiveCfg = Release|Any CPU
		{5F14C4E6-8B80-4F18-BE96-8C5501A25879}.Release|Any CPU.Build.0 = Release|Any CPU
		{5B9AF45F-8485-42FF-A699-F43A206A1FAA}.Debug|Any CPU.ActiveCfg = Debug|Any CPU
		{5B9AF45F-8485-42FF-A699-F43A206A1FAA}.Debug|Any CPU.Build.0 = Debug|Any CPU
		{5B9AF45F-8485-42FF-A699-F43A206A1FAA}.Release|Any CPU.ActiveCfg = Release|Any CPU
		{5B9AF45F-8485-42FF-A699-F43A206A1FAA}.Release|Any CPU.Build.0 = Release|Any CPU
		{EAF6158E-1369-4004-877A-CED86722B9F0}.Debug|Any CPU.ActiveCfg = Debug|Any CPU
		{EAF6158E-1369-4004-877A-CED86722B9F0}.Debug|Any CPU.Build.0 = Debug|Any CPU
		{EAF6158E-1369-4004-877A-CED86722B9F0}.Release|Any CPU.ActiveCfg = Release|Any CPU
		{EAF6158E-1369-4004-877A-CED86722B9F0}.Release|Any CPU.Build.0 = Release|Any CPU
		{804B299D-7B9F-4445-8C44-88A6C71EB3C6}.Debug|Any CPU.ActiveCfg = Debug|Any CPU
		{804B299D-7B9F-4445-8C44-88A6C71EB3C6}.Debug|Any CPU.Build.0 = Debug|Any CPU
		{804B299D-7B9F-4445-8C44-88A6C71EB3C6}.Release|Any CPU.ActiveCfg = Release|Any CPU
		{804B299D-7B9F-4445-8C44-88A6C71EB3C6}.Release|Any CPU.Build.0 = Release|Any CPU
		{FA86C1F1-2F55-4928-AE31-FB517FB8FE4A}.Debug|Any CPU.ActiveCfg = Debug|Any CPU
		{FA86C1F1-2F55-4928-AE31-FB517FB8FE4A}.Debug|Any CPU.Build.0 = Debug|Any CPU
		{FA86C1F1-2F55-4928-AE31-FB517FB8FE4A}.Release|Any CPU.ActiveCfg = Release|Any CPU
		{FA86C1F1-2F55-4928-AE31-FB517FB8FE4A}.Release|Any CPU.Build.0 = Release|Any CPU
		{ADDCE003-D85D-4DBD-9D34-1AC50D9DC9CA}.Debug|Any CPU.ActiveCfg = Debug|Any CPU
		{ADDCE003-D85D-4DBD-9D34-1AC50D9DC9CA}.Debug|Any CPU.Build.0 = Debug|Any CPU
		{ADDCE003-D85D-4DBD-9D34-1AC50D9DC9CA}.Release|Any CPU.ActiveCfg = Release|Any CPU
		{ADDCE003-D85D-4DBD-9D34-1AC50D9DC9CA}.Release|Any CPU.Build.0 = Release|Any CPU
		{1CFBC312-8372-4099-9D6C-CC6B9CC80045}.Debug|Any CPU.ActiveCfg = Debug|Any CPU
		{1CFBC312-8372-4099-9D6C-CC6B9CC80045}.Debug|Any CPU.Build.0 = Debug|Any CPU
		{1CFBC312-8372-4099-9D6C-CC6B9CC80045}.Release|Any CPU.ActiveCfg = Release|Any CPU
		{1CFBC312-8372-4099-9D6C-CC6B9CC80045}.Release|Any CPU.Build.0 = Release|Any CPU
		{6E1CCC31-B88B-47FB-9BDF-C247F36D93A2}.Debug|Any CPU.ActiveCfg = Debug|Any CPU
		{6E1CCC31-B88B-47FB-9BDF-C247F36D93A2}.Debug|Any CPU.Build.0 = Debug|Any CPU
		{6E1CCC31-B88B-47FB-9BDF-C247F36D93A2}.Release|Any CPU.ActiveCfg = Release|Any CPU
		{6E1CCC31-B88B-47FB-9BDF-C247F36D93A2}.Release|Any CPU.Build.0 = Release|Any CPU
		{BB8A52AA-5835-4BE5-ABCF-E05AB9510945}.Debug|Any CPU.ActiveCfg = Debug|Any CPU
		{BB8A52AA-5835-4BE5-ABCF-E05AB9510945}.Debug|Any CPU.Build.0 = Debug|Any CPU
		{BB8A52AA-5835-4BE5-ABCF-E05AB9510945}.Release|Any CPU.ActiveCfg = Release|Any CPU
		{BB8A52AA-5835-4BE5-ABCF-E05AB9510945}.Release|Any CPU.Build.0 = Release|Any CPU
	EndGlobalSection
	GlobalSection(SolutionProperties) = preSolution
		HideSolutionNode = FALSE
	EndGlobalSection
	GlobalSection(ExtensibilityGlobals) = postSolution
		SolutionGuid = {BCA1C472-9CB3-407C-BD13-7CD937FA3CB1}
	EndGlobalSection
EndGlobal
